// !$*UTF8*$!
{
	archiveVersion = 1;
	classes = {
	};
	objectVersion = 55;
	objects = {

/* Begin PBXBuildFile section */
		094358992852F02900A27A17 /* AppDelegate.swift in Sources */ = {isa = PBXBuildFile; fileRef = 094358982852F02900A27A17 /* AppDelegate.swift */; };
		0943589B2852F02900A27A17 /* SceneDelegate.swift in Sources */ = {isa = PBXBuildFile; fileRef = 0943589A2852F02900A27A17 /* SceneDelegate.swift */; };
		094358A22852F02A00A27A17 /* Assets.xcassets in Resources */ = {isa = PBXBuildFile; fileRef = 094358A12852F02A00A27A17 /* Assets.xcassets */; };
		094358A52852F02A00A27A17 /* LaunchScreen.storyboard in Resources */ = {isa = PBXBuildFile; fileRef = 094358A32852F02A00A27A17 /* LaunchScreen.storyboard */; };
		094358AD2852F08700A27A17 /* SearchVC.swift in Sources */ = {isa = PBXBuildFile; fileRef = 094358AC2852F08700A27A17 /* SearchVC.swift */; };
		094358AF2852F09600A27A17 /* FavoritesListVC.swift in Sources */ = {isa = PBXBuildFile; fileRef = 094358AE2852F09600A27A17 /* FavoritesListVC.swift */; };
		096183FE2899FF7600B14B78 /* GFTitleLabel.swift in Sources */ = {isa = PBXBuildFile; fileRef = 096183FD2899FF7600B14B78 /* GFTitleLabel.swift */; };
		09618400289A00B800B14B78 /* GFBodyLabel.swift in Sources */ = {isa = PBXBuildFile; fileRef = 096183FF289A00B800B14B78 /* GFBodyLabel.swift */; };
		09618402289A015000B14B78 /* GFAlertVC.swift in Sources */ = {isa = PBXBuildFile; fileRef = 09618401289A015000B14B78 /* GFAlertVC.swift */; };
		09618404289A18CB00B14B78 /* UIVC+Ext.swift in Sources */ = {isa = PBXBuildFile; fileRef = 09618403289A18CB00B14B78 /* UIVC+Ext.swift */; };
		09618406289A1B8500B14B78 /* GFContainerView.swift in Sources */ = {isa = PBXBuildFile; fileRef = 09618405289A1B8500B14B78 /* GFContainerView.swift */; };
		09AEEABA2872A42900521DD8 /* GFButton.swift in Sources */ = {isa = PBXBuildFile; fileRef = 09AEEAB92872A42900521DD8 /* GFButton.swift */; };
		09AEEABC2872A80100521DD8 /* GFTextField.swift in Sources */ = {isa = PBXBuildFile; fileRef = 09AEEABB2872A80100521DD8 /* GFTextField.swift */; };
		09AEEAC12872B1D100521DD8 /* FollowersVC.swift in Sources */ = {isa = PBXBuildFile; fileRef = 09AEEAC02872B1D100521DD8 /* FollowersVC.swift */; };
		09AEEAC52872B52700521DD8 /* String+Ext.swift in Sources */ = {isa = PBXBuildFile; fileRef = 09AEEAC42872B52700521DD8 /* String+Ext.swift */; };
		09AEEAD22873A4F400521DD8 /* Follower.swift in Sources */ = {isa = PBXBuildFile; fileRef = 09AEEAD12873A4F400521DD8 /* Follower.swift */; };
		09AEEAD42873A69000521DD8 /* User.swift in Sources */ = {isa = PBXBuildFile; fileRef = 09AEEAD32873A69000521DD8 /* User.swift */; };
/* End PBXBuildFile section */

/* Begin PBXFileReference section */
		094358952852F02900A27A17 /* GitFriends.app */ = {isa = PBXFileReference; explicitFileType = wrapper.application; includeInIndex = 0; path = GitFriends.app; sourceTree = BUILT_PRODUCTS_DIR; };
		094358982852F02900A27A17 /* AppDelegate.swift */ = {isa = PBXFileReference; lastKnownFileType = sourcecode.swift; path = AppDelegate.swift; sourceTree = "<group>"; };
		0943589A2852F02900A27A17 /* SceneDelegate.swift */ = {isa = PBXFileReference; lastKnownFileType = sourcecode.swift; path = SceneDelegate.swift; sourceTree = "<group>"; };
		094358A12852F02A00A27A17 /* Assets.xcassets */ = {isa = PBXFileReference; lastKnownFileType = folder.assetcatalog; path = Assets.xcassets; sourceTree = "<group>"; };
		094358A42852F02A00A27A17 /* Base */ = {isa = PBXFileReference; lastKnownFileType = file.storyboard; name = Base; path = Base.lproj/LaunchScreen.storyboard; sourceTree = "<group>"; };
		094358A62852F02A00A27A17 /* Info.plist */ = {isa = PBXFileReference; lastKnownFileType = text.plist.xml; path = Info.plist; sourceTree = "<group>"; };
		094358AC2852F08700A27A17 /* SearchVC.swift */ = {isa = PBXFileReference; lastKnownFileType = sourcecode.swift; path = SearchVC.swift; sourceTree = "<group>"; };
		094358AE2852F09600A27A17 /* FavoritesListVC.swift */ = {isa = PBXFileReference; lastKnownFileType = sourcecode.swift; path = FavoritesListVC.swift; sourceTree = "<group>"; };
		096183FD2899FF7600B14B78 /* GFTitleLabel.swift */ = {isa = PBXFileReference; lastKnownFileType = sourcecode.swift; path = GFTitleLabel.swift; sourceTree = "<group>"; };
		096183FF289A00B800B14B78 /* GFBodyLabel.swift */ = {isa = PBXFileReference; lastKnownFileType = sourcecode.swift; path = GFBodyLabel.swift; sourceTree = "<group>"; };
		09618401289A015000B14B78 /* GFAlertVC.swift */ = {isa = PBXFileReference; lastKnownFileType = sourcecode.swift; path = GFAlertVC.swift; sourceTree = "<group>"; };
		09618403289A18CB00B14B78 /* UIVC+Ext.swift */ = {isa = PBXFileReference; lastKnownFileType = sourcecode.swift; path = "UIVC+Ext.swift"; sourceTree = "<group>"; };
		09618405289A1B8500B14B78 /* GFContainerView.swift */ = {isa = PBXFileReference; lastKnownFileType = sourcecode.swift; path = GFContainerView.swift; sourceTree = "<group>"; };
		09AEEAB92872A42900521DD8 /* GFButton.swift */ = {isa = PBXFileReference; lastKnownFileType = sourcecode.swift; path = GFButton.swift; sourceTree = "<group>"; };
		09AEEABB2872A80100521DD8 /* GFTextField.swift */ = {isa = PBXFileReference; lastKnownFileType = sourcecode.swift; path = GFTextField.swift; sourceTree = "<group>"; };
		09AEEAC02872B1D100521DD8 /* FollowersVC.swift */ = {isa = PBXFileReference; lastKnownFileType = sourcecode.swift; path = FollowersVC.swift; sourceTree = "<group>"; };
		09AEEAC42872B52700521DD8 /* String+Ext.swift */ = {isa = PBXFileReference; fileEncoding = 4; lastKnownFileType = sourcecode.swift; path = "String+Ext.swift"; sourceTree = "<group>"; };
		09AEEAD12873A4F400521DD8 /* Follower.swift */ = {isa = PBXFileReference; lastKnownFileType = sourcecode.swift; path = Follower.swift; sourceTree = "<group>"; };
		09AEEAD32873A69000521DD8 /* User.swift */ = {isa = PBXFileReference; lastKnownFileType = sourcecode.swift; path = User.swift; sourceTree = "<group>"; };
/* End PBXFileReference section */

/* Begin PBXFrameworksBuildPhase section */
		094358922852F02900A27A17 /* Frameworks */ = {
			isa = PBXFrameworksBuildPhase;
			buildActionMask = 2147483647;
			files = (
			);
			runOnlyForDeploymentPostprocessing = 0;
		};
/* End PBXFrameworksBuildPhase section */

/* Begin PBXGroup section */
		0943588C2852F02900A27A17 = {
			isa = PBXGroup;
			children = (
				094358972852F02900A27A17 /* GitFriends */,
				094358962852F02900A27A17 /* Products */,
			);
			sourceTree = "<group>";
		};
		094358962852F02900A27A17 /* Products */ = {
			isa = PBXGroup;
			children = (
				094358952852F02900A27A17 /* GitFriends.app */,
			);
			name = Products;
			sourceTree = "<group>";
		};
		094358972852F02900A27A17 /* GitFriends */ = {
			isa = PBXGroup;
			children = (
				09AEEAD02873A4E100521DD8 /* Model */,
				094358A62852F02A00A27A17 /* Info.plist */,
				09AEEABD2872A91A00521DD8 /* View */,
				09AEEABE2872A92300521DD8 /* Controllers */,
				09AEEACE2873A28800521DD8 /* Extensions */,
				09AEEACF2873A2C600521DD8 /* Other */,
			);
			path = GitFriends;
			sourceTree = "<group>";
		};
		09AEEABD2872A91A00521DD8 /* View */ = {
			isa = PBXGroup;
			children = (
				09AEEAB92872A42900521DD8 /* GFButton.swift */,
				09AEEABB2872A80100521DD8 /* GFTextField.swift */,
				096183FD2899FF7600B14B78 /* GFTitleLabel.swift */,
				096183FF289A00B800B14B78 /* GFBodyLabel.swift */,
				09618405289A1B8500B14B78 /* GFContainerView.swift */,
			);
			path = View;
			sourceTree = "<group>";
		};
		09AEEABE2872A92300521DD8 /* Controllers */ = {
			isa = PBXGroup;
			children = (
				094358AC2852F08700A27A17 /* SearchVC.swift */,
				094358AE2852F09600A27A17 /* FavoritesListVC.swift */,
				09AEEAC02872B1D100521DD8 /* FollowersVC.swift */,
				09618401289A015000B14B78 /* GFAlertVC.swift */,
			);
			path = Controllers;
			sourceTree = "<group>";
		};
		09AEEACE2873A28800521DD8 /* Extensions */ = {
			isa = PBXGroup;
			children = (
				09AEEAC42872B52700521DD8 /* String+Ext.swift */,
				09618403289A18CB00B14B78 /* UIVC+Ext.swift */,
			);
			path = Extensions;
			sourceTree = "<group>";
		};
		09AEEACF2873A2C600521DD8 /* Other */ = {
			isa = PBXGroup;
			children = (
				094358A12852F02A00A27A17 /* Assets.xcassets */,
				094358982852F02900A27A17 /* AppDelegate.swift */,
				094358A32852F02A00A27A17 /* LaunchScreen.storyboard */,
				0943589A2852F02900A27A17 /* SceneDelegate.swift */,
			);
			path = Other;
			sourceTree = "<group>";
		};
		09AEEAD02873A4E100521DD8 /* Model */ = {
			isa = PBXGroup;
			children = (
				09AEEAD12873A4F400521DD8 /* Follower.swift */,
				09AEEAD32873A69000521DD8 /* User.swift */,
			);
			path = Model;
			sourceTree = "<group>";
		};
/* End PBXGroup section */

/* Begin PBXNativeTarget section */
		094358942852F02900A27A17 /* GitFriends */ = {
			isa = PBXNativeTarget;
			buildConfigurationList = 094358A92852F02A00A27A17 /* Build configuration list for PBXNativeTarget "GitFriends" */;
			buildPhases = (
				094358912852F02900A27A17 /* Sources */,
				094358922852F02900A27A17 /* Frameworks */,
				094358932852F02900A27A17 /* Resources */,
			);
			buildRules = (
			);
			dependencies = (
			);
			name = GitFriends;
			productName = GitFriends;
			productReference = 094358952852F02900A27A17 /* GitFriends.app */;
			productType = "com.apple.product-type.application";
		};
/* End PBXNativeTarget section */

/* Begin PBXProject section */
		0943588D2852F02900A27A17 /* Project object */ = {
			isa = PBXProject;
			attributes = {
				BuildIndependentTargetsInParallel = 1;
				LastSwiftUpdateCheck = 1330;
				LastUpgradeCheck = 1330;
				TargetAttributes = {
					094358942852F02900A27A17 = {
						CreatedOnToolsVersion = 13.3;
					};
				};
			};
			buildConfigurationList = 094358902852F02900A27A17 /* Build configuration list for PBXProject "GitFriends" */;
			compatibilityVersion = "Xcode 13.0";
			developmentRegion = en;
			hasScannedForEncodings = 0;
			knownRegions = (
				en,
				Base,
			);
			mainGroup = 0943588C2852F02900A27A17;
			productRefGroup = 094358962852F02900A27A17 /* Products */;
			projectDirPath = "";
			projectRoot = "";
			targets = (
				094358942852F02900A27A17 /* GitFriends */,
			);
		};
/* End PBXProject section */

/* Begin PBXResourcesBuildPhase section */
		094358932852F02900A27A17 /* Resources */ = {
			isa = PBXResourcesBuildPhase;
			buildActionMask = 2147483647;
			files = (
				094358A52852F02A00A27A17 /* LaunchScreen.storyboard in Resources */,
				094358A22852F02A00A27A17 /* Assets.xcassets in Resources */,
			);
			runOnlyForDeploymentPostprocessing = 0;
		};
/* End PBXResourcesBuildPhase section */

/* Begin PBXSourcesBuildPhase section */
		094358912852F02900A27A17 /* Sources */ = {
			isa = PBXSourcesBuildPhase;
			buildActionMask = 2147483647;
			files = (
				094358AD2852F08700A27A17 /* SearchVC.swift in Sources */,
				09AEEAD22873A4F400521DD8 /* Follower.swift in Sources */,
				09AEEABA2872A42900521DD8 /* GFButton.swift in Sources */,
				09618402289A015000B14B78 /* GFAlertVC.swift in Sources */,
				09618404289A18CB00B14B78 /* UIVC+Ext.swift in Sources */,
				096183FE2899FF7600B14B78 /* GFTitleLabel.swift in Sources */,
				09AEEAC12872B1D100521DD8 /* FollowersVC.swift in Sources */,
				094358AF2852F09600A27A17 /* FavoritesListVC.swift in Sources */,
				094358992852F02900A27A17 /* AppDelegate.swift in Sources */,
				09618400289A00B800B14B78 /* GFBodyLabel.swift in Sources */,
				09618406289A1B8500B14B78 /* GFContainerView.swift in Sources */,
				0943589B2852F02900A27A17 /* SceneDelegate.swift in Sources */,
				09AEEAC52872B52700521DD8 /* String+Ext.swift in Sources */,
				09AEEAD42873A69000521DD8 /* User.swift in Sources */,
				09AEEABC2872A80100521DD8 /* GFTextField.swift in Sources */,
			);
			runOnlyForDeploymentPostprocessing = 0;
		};
/* End PBXSourcesBuildPhase section */

/* Begin PBXVariantGroup section */
		094358A32852F02A00A27A17 /* LaunchScreen.storyboard */ = {
			isa = PBXVariantGroup;
			children = (
				094358A42852F02A00A27A17 /* Base */,
			);
			name = LaunchScreen.storyboard;
			sourceTree = "<group>";
		};
/* End PBXVariantGroup section */

/* Begin XCBuildConfiguration section */
		094358A72852F02A00A27A17 /* Debug */ = {
			isa = XCBuildConfiguration;
			buildSettings = {
				ALWAYS_SEARCH_USER_PATHS = NO;
				CLANG_ANALYZER_NONNULL = YES;
				CLANG_ANALYZER_NUMBER_OBJECT_CONVERSION = YES_AGGRESSIVE;
				CLANG_CXX_LANGUAGE_STANDARD = "gnu++17";
				CLANG_ENABLE_MODULES = YES;
				CLANG_ENABLE_OBJC_ARC = YES;
				CLANG_ENABLE_OBJC_WEAK = YES;
				CLANG_WARN_BLOCK_CAPTURE_AUTORELEASING = YES;
				CLANG_WARN_BOOL_CONVERSION = YES;
				CLANG_WARN_COMMA = YES;
				CLANG_WARN_CONSTANT_CONVERSION = YES;
				CLANG_WARN_DEPRECATED_OBJC_IMPLEMENTATIONS = YES;
				CLANG_WARN_DIRECT_OBJC_ISA_USAGE = YES_ERROR;
				CLANG_WARN_DOCUMENTATION_COMMENTS = YES;
				CLANG_WARN_EMPTY_BODY = YES;
				CLANG_WARN_ENUM_CONVERSION = YES;
				CLANG_WARN_INFINITE_RECURSION = YES;
				CLANG_WARN_INT_CONVERSION = YES;
				CLANG_WARN_NON_LITERAL_NULL_CONVERSION = YES;
				CLANG_WARN_OBJC_IMPLICIT_RETAIN_SELF = YES;
				CLANG_WARN_OBJC_LITERAL_CONVERSION = YES;
				CLANG_WARN_OBJC_ROOT_CLASS = YES_ERROR;
				CLANG_WARN_QUOTED_INCLUDE_IN_FRAMEWORK_HEADER = YES;
				CLANG_WARN_RANGE_LOOP_ANALYSIS = YES;
				CLANG_WARN_STRICT_PROTOTYPES = YES;
				CLANG_WARN_SUSPICIOUS_MOVE = YES;
				CLANG_WARN_UNGUARDED_AVAILABILITY = YES_AGGRESSIVE;
				CLANG_WARN_UNREACHABLE_CODE = YES;
				CLANG_WARN__DUPLICATE_METHOD_MATCH = YES;
				COPY_PHASE_STRIP = NO;
				DEBUG_INFORMATION_FORMAT = dwarf;
				ENABLE_STRICT_OBJC_MSGSEND = YES;
				ENABLE_TESTABILITY = YES;
				GCC_C_LANGUAGE_STANDARD = gnu11;
				GCC_DYNAMIC_NO_PIC = NO;
				GCC_NO_COMMON_BLOCKS = YES;
				GCC_OPTIMIZATION_LEVEL = 0;
				GCC_PREPROCESSOR_DEFINITIONS = (
					"DEBUG=1",
					"$(inherited)",
				);
				GCC_WARN_64_TO_32_BIT_CONVERSION = YES;
				GCC_WARN_ABOUT_RETURN_TYPE = YES_ERROR;
				GCC_WARN_UNDECLARED_SELECTOR = YES;
				GCC_WARN_UNINITIALIZED_AUTOS = YES_AGGRESSIVE;
				GCC_WARN_UNUSED_FUNCTION = YES;
				GCC_WARN_UNUSED_VARIABLE = YES;
				IPHONEOS_DEPLOYMENT_TARGET = 15.4;
				MTL_ENABLE_DEBUG_INFO = INCLUDE_SOURCE;
				MTL_FAST_MATH = YES;
				ONLY_ACTIVE_ARCH = YES;
				SDKROOT = iphoneos;
				SWIFT_ACTIVE_COMPILATION_CONDITIONS = DEBUG;
				SWIFT_OPTIMIZATION_LEVEL = "-Onone";
			};
			name = Debug;
		};
		094358A82852F02A00A27A17 /* Release */ = {
			isa = XCBuildConfiguration;
			buildSettings = {
				ALWAYS_SEARCH_USER_PATHS = NO;
				CLANG_ANALYZER_NONNULL = YES;
				CLANG_ANALYZER_NUMBER_OBJECT_CONVERSION = YES_AGGRESSIVE;
				CLANG_CXX_LANGUAGE_STANDARD = "gnu++17";
				CLANG_ENABLE_MODULES = YES;
				CLANG_ENABLE_OBJC_ARC = YES;
				CLANG_ENABLE_OBJC_WEAK = YES;
				CLANG_WARN_BLOCK_CAPTURE_AUTORELEASING = YES;
				CLANG_WARN_BOOL_CONVERSION = YES;
				CLANG_WARN_COMMA = YES;
				CLANG_WARN_CONSTANT_CONVERSION = YES;
				CLANG_WARN_DEPRECATED_OBJC_IMPLEMENTATIONS = YES;
				CLANG_WARN_DIRECT_OBJC_ISA_USAGE = YES_ERROR;
				CLANG_WARN_DOCUMENTATION_COMMENTS = YES;
				CLANG_WARN_EMPTY_BODY = YES;
				CLANG_WARN_ENUM_CONVERSION = YES;
				CLANG_WARN_INFINITE_RECURSION = YES;
				CLANG_WARN_INT_CONVERSION = YES;
				CLANG_WARN_NON_LITERAL_NULL_CONVERSION = YES;
				CLANG_WARN_OBJC_IMPLICIT_RETAIN_SELF = YES;
				CLANG_WARN_OBJC_LITERAL_CONVERSION = YES;
				CLANG_WARN_OBJC_ROOT_CLASS = YES_ERROR;
				CLANG_WARN_QUOTED_INCLUDE_IN_FRAMEWORK_HEADER = YES;
				CLANG_WARN_RANGE_LOOP_ANALYSIS = YES;
				CLANG_WARN_STRICT_PROTOTYPES = YES;
				CLANG_WARN_SUSPICIOUS_MOVE = YES;
				CLANG_WARN_UNGUARDED_AVAILABILITY = YES_AGGRESSIVE;
				CLANG_WARN_UNREACHABLE_CODE = YES;
				CLANG_WARN__DUPLICATE_METHOD_MATCH = YES;
				COPY_PHASE_STRIP = NO;
				DEBUG_INFORMATION_FORMAT = "dwarf-with-dsym";
				ENABLE_NS_ASSERTIONS = NO;
				ENABLE_STRICT_OBJC_MSGSEND = YES;
				GCC_C_LANGUAGE_STANDARD = gnu11;
				GCC_NO_COMMON_BLOCKS = YES;
				GCC_WARN_64_TO_32_BIT_CONVERSION = YES;
				GCC_WARN_ABOUT_RETURN_TYPE = YES_ERROR;
				GCC_WARN_UNDECLARED_SELECTOR = YES;
				GCC_WARN_UNINITIALIZED_AUTOS = YES_AGGRESSIVE;
				GCC_WARN_UNUSED_FUNCTION = YES;
				GCC_WARN_UNUSED_VARIABLE = YES;
				IPHONEOS_DEPLOYMENT_TARGET = 15.4;
				MTL_ENABLE_DEBUG_INFO = NO;
				MTL_FAST_MATH = YES;
				SDKROOT = iphoneos;
				SWIFT_COMPILATION_MODE = wholemodule;
				SWIFT_OPTIMIZATION_LEVEL = "-O";
				VALIDATE_PRODUCT = YES;
			};
			name = Release;
		};
		094358AA2852F02A00A27A17 /* Debug */ = {
			isa = XCBuildConfiguration;
			buildSettings = {
				ASSETCATALOG_COMPILER_APPICON_NAME = AppIcon;
				ASSETCATALOG_COMPILER_GLOBAL_ACCENT_COLOR_NAME = AccentColor;
				CODE_SIGN_STYLE = Automatic;
				CURRENT_PROJECT_VERSION = 1;
				DEVELOPMENT_TEAM = C5GN2KM3ZR;
				GENERATE_INFOPLIST_FILE = YES;
				INFOPLIST_FILE = GitFriends/Info.plist;
				INFOPLIST_KEY_UIApplicationSupportsIndirectInputEvents = YES;
				INFOPLIST_KEY_UILaunchStoryboardName = LaunchScreen;
				INFOPLIST_KEY_UISupportedInterfaceOrientations = UIInterfaceOrientationPortrait;
				INFOPLIST_KEY_UISupportedInterfaceOrientations_iPad = "UIInterfaceOrientationPortrait UIInterfaceOrientationPortraitUpsideDown UIInterfaceOrientationLandscapeLeft UIInterfaceOrientationLandscapeRight";
				INFOPLIST_KEY_UISupportedInterfaceOrientations_iPhone = "UIInterfaceOrientationPortrait UIInterfaceOrientationLandscapeLeft UIInterfaceOrientationLandscapeRight";
				LD_RUNPATH_SEARCH_PATHS = (
					"$(inherited)",
					"@executable_path/Frameworks",
				);
				MARKETING_VERSION = 1.0;
				PRODUCT_BUNDLE_IDENTIFIER = "Nadia-Siddiqah.GitFriends";
				PRODUCT_NAME = "$(TARGET_NAME)";
				SWIFT_EMIT_LOC_STRINGS = YES;
				SWIFT_VERSION = 5.0;
				TARGETED_DEVICE_FAMILY = 1;
			};
			name = Debug;
		};
		094358AB2852F02A00A27A17 /* Release */ = {
			isa = XCBuildConfiguration;
			buildSettings = {
				ASSETCATALOG_COMPILER_APPICON_NAME = AppIcon;
				ASSETCATALOG_COMPILER_GLOBAL_ACCENT_COLOR_NAME = AccentColor;
				CODE_SIGN_STYLE = Automatic;
				CURRENT_PROJECT_VERSION = 1;
				DEVELOPMENT_TEAM = C5GN2KM3ZR;
				GENERATE_INFOPLIST_FILE = YES;
				INFOPLIST_FILE = GitFriends/Info.plist;
				INFOPLIST_KEY_UIApplicationSupportsIndirectInputEvents = YES;
				INFOPLIST_KEY_UILaunchStoryboardName = LaunchScreen;
				INFOPLIST_KEY_UISupportedInterfaceOrientations = UIInterfaceOrientationPortrait;
				INFOPLIST_KEY_UISupportedInterfaceOrientations_iPad = "UIInterfaceOrientationPortrait UIInterfaceOrientationPortraitUpsideDown UIInterfaceOrientationLandscapeLeft UIInterfaceOrientationLandscapeRight";
				INFOPLIST_KEY_UISupportedInterfaceOrientations_iPhone = "UIInterfaceOrientationPortrait UIInterfaceOrientationLandscapeLeft UIInterfaceOrientationLandscapeRight";
				LD_RUNPATH_SEARCH_PATHS = (
					"$(inherited)",
					"@executable_path/Frameworks",
				);
				MARKETING_VERSION = 1.0;
				PRODUCT_BUNDLE_IDENTIFIER = "Nadia-Siddiqah.GitFriends";
				PRODUCT_NAME = "$(TARGET_NAME)";
				SWIFT_EMIT_LOC_STRINGS = YES;
				SWIFT_VERSION = 5.0;
				TARGETED_DEVICE_FAMILY = 1;
			};
			name = Release;
		};
/* End XCBuildConfiguration section */

/* Begin XCConfigurationList section */
		094358902852F02900A27A17 /* Build configuration list for PBXProject "GitFriends" */ = {
			isa = XCConfigurationList;
			buildConfigurations = (
				094358A72852F02A00A27A17 /* Debug */,
				094358A82852F02A00A27A17 /* Release */,
			);
			defaultConfigurationIsVisible = 0;
			defaultConfigurationName = Release;
		};
		094358A92852F02A00A27A17 /* Build configuration list for PBXNativeTarget "GitFriends" */ = {
			isa = XCConfigurationList;
			buildConfigurations = (
				094358AA2852F02A00A27A17 /* Debug */,
				094358AB2852F02A00A27A17 /* Release */,
			);
			defaultConfigurationIsVisible = 0;
			defaultConfigurationName = Release;
		};
/* End XCConfigurationList section */
	};
	rootObject = 0943588D2852F02900A27A17 /* Project object */;
}
